<?xml version="1.0" encoding="utf-8"?>
<Project ToolsVersion="4.0" xmlns="http://schemas.microsoft.com/developer/msbuild/2003">
  <ItemGroup>
    <Filter Include="Исходные файлы">
      <UniqueIdentifier>{4FC737F1-C7A5-4376-A066-2A32D752A2FF}</UniqueIdentifier>
      <Extensions>cpp;c;cc;cxx;c++;cppm;ixx;def;odl;idl;hpj;bat;asm;asmx</Extensions>
    </Filter>
    <Filter Include="Файлы заголовков">
      <UniqueIdentifier>{93995380-89BD-4b04-88EB-625FBE52EBFB}</UniqueIdentifier>
      <Extensions>h;hh;hpp;hxx;h++;hm;inl;inc;ipp;xsd</Extensions>
    </Filter>
    <Filter Include="Файлы ресурсов">
      <UniqueIdentifier>{67DA6AB6-F800-4c08-8B7A-83BB121AAD01}</UniqueIdentifier>
      <Extensions>rc;ico;cur;bmp;dlg;rc2;rct;bin;rgs;gif;jpg;jpeg;jpe;resx;tiff;tif;png;wav;mfcribbon-ms</Extensions>
    </Filter>
  </ItemGroup>
  <ItemGroup>
    <ClInclude Include="Headers\Button.h">
      <Filter>Файлы заголовков</Filter>
    </ClInclude>
    <ClInclude Include="Headers\Global.h">
      <Filter>Файлы заголовков</Filter>
    </ClInclude>
    <ClInclude Include="Headers\Planet.h">
      <Filter>Файлы заголовков</Filter>
    </ClInclude>
    <ClInclude Include="Headers\Texture.h">
      <Filter>Файлы заголовков</Filter>
    </ClInclude>
  </ItemGroup>
  <ItemGroup>
    <None Include="lib\openal32.dll" />
    <None Include="lib\sfml-audio-2.dll" />
    <None Include="lib\sfml-audio-d-2.dll" />
    <None Include="lib\sfml-graphics-2.dll" />
    <None Include="lib\sfml-graphics-d-2.dll" />
    <None Include="lib\sfml-network-2.dll" />
    <None Include="lib\sfml-network-d-2.dll" />
    <None Include="lib\sfml-system-2.dll" />
    <None Include="lib\sfml-system-d-2.dll" />
    <None Include="lib\sfml-window-2.dll" />
    <None Include="lib\sfml-window-d-2.dll" />
    <None Include="openal32.dll" />
    <None Include="sfml-audio-2.dll" />
    <None Include="sfml-audio-d-2.dll" />
    <None Include="sfml-graphics-2.dll" />
    <None Include="sfml-graphics-d-2.dll" />
    <None Include="sfml-network-2.dll" />
    <None Include="sfml-network-d-2.dll" />
    <None Include="sfml-system-2.dll" />
    <None Include="sfml-system-d-2.dll" />
    <None Include="sfml-window-2.dll" />
    <None Include="sfml-window-d-2.dll" />
  </ItemGroup>
  <ItemGroup>
    <ClCompile Include="Source\Button.cpp">
      <Filter>Исходные файлы</Filter>
    </ClCompile>
    <ClCompile Include="Source\GravityMain.cpp">
      <Filter>Исходные файлы</Filter>
    </ClCompile>
    <ClCompile Include="Source\Planet.cpp">
      <Filter>Исходные файлы</Filter>
    </ClCompile>
    <ClCompile Include="Source\Global.cpp">
      <Filter>Исходные файлы</Filter>
    </ClCompile>
    <ClCompile Include="Source\Texture.cpp">
      <Filter>Исходные файлы</Filter>
    </ClCompile>
  </ItemGroup>
  <ItemGroup>
    <Image Include="Texture\TexturePlanet\earth.jpg">
      <Filter>Файлы ресурсов</Filter>
    </Image>
    <Image Include="Texture\TexturePlanet\jupiter.jpg">
      <Filter>Файлы ресурсов</Filter>
    </Image>
    <Image Include="Texture\TexturePlanet\mars.jpg">
      <Filter>Файлы ресурсов</Filter>
    </Image>
    <Image Include="Texture\TexturePlanet\mercury.jpg">
      <Filter>Файлы ресурсов</Filter>
    </Image>
    <Image Include="Texture\TexturePlanet\neptune.jpg">
      <Filter>Файлы ресурсов</Filter>
    </Image>
    <Image Include="Texture\TexturePlanet\saturn.jpg">
      <Filter>Файлы ресурсов</Filter>
    </Image>
    <Image Include="Texture\TexturePlanet\sun.jpg">
      <Filter>Файлы ресурсов</Filter>
    </Image>
    <Image Include="Texture\TexturePlanet\uranus.jpg">
      <Filter>Файлы ресурсов</Filter>
    </Image>
    <Image Include="Texture\TexturePlanet\venus.jpg">
      <Filter>Файлы ресурсов</Filter>
    </Image>
    <Image Include="Texture\TextureButton\0.1.png">
      <Filter>Файлы ресурсов</Filter>
    </Image>
    <Image Include="Texture\TextureButton\0.5.png">
      <Filter>Файлы ресурсов</Filter>
    </Image>
    <Image Include="Texture\TextureButton\1.2.png">
      <Filter>Файлы ресурсов</Filter>
    </Image>
    <Image Include="Texture\TextureButton\1.5.png">
      <Filter>Файлы ресурсов</Filter>
    </Image>
    <Image Include="Texture\TextureButton\2.png">
      <Filter>Файлы ресурсов</Filter>
    </Image>
    <Image Include="Texture\TextureButton\5.png">
      <Filter>Файлы ресурсов</Filter>
    </Image>
    <Image Include="Texture\TextureButton\10.png">
      <Filter>Файлы ресурсов</Filter>
    </Image>
    <Image Include="Texture\TextureButton\cam.png">
      <Filter>Файлы ресурсов</Filter>
    </Image>
    <Image Include="Texture\TextureButton\earth.png">
      <Filter>Файлы ресурсов</Filter>
    </Image>
    <Image Include="Texture\TextureButton\jupiter.png">
      <Filter>Файлы ресурсов</Filter>
    </Image>
    <Image Include="Texture\TextureButton\mars.png">
      <Filter>Файлы ресурсов</Filter>
    </Image>
    <Image Include="Texture\TextureButton\mercury.png">
      <Filter>Файлы ресурсов</Filter>
    </Image>
    <Image Include="Texture\TextureButton\minus.png">
      <Filter>Файлы ресурсов</Filter>
    </Image>
    <Image Include="Texture\TextureButton\neptune.png">
      <Filter>Файлы ресурсов</Filter>
    </Image>
    <Image Include="Texture\TextureButton\plus.png">
      <Filter>Файлы ресурсов</Filter>
    </Image>
    <Image Include="Texture\TextureButton\saturn.png">
      <Filter>Файлы ресурсов</Filter>
    </Image>
    <Image Include="Texture\TextureButton\sun.png">
      <Filter>Файлы ресурсов</Filter>
    </Image>
    <Image Include="Texture\TextureButton\uranus.png">
      <Filter>Файлы ресурсов</Filter>
    </Image>
    <Image Include="Texture\TextureButton\venus.png">
      <Filter>Файлы ресурсов</Filter>
    </Image>
    <Image Include="Texture\TextureButton\reload.png">
      <Filter>Файлы ресурсов</Filter>
    </Image>
    <Image Include="Texture\TextureButton\track_off.png">
      <Filter>Файлы ресурсов</Filter>
    </Image>
    <Image Include="Texture\TextureButton\track_on.png">
      <Filter>Файлы ресурсов</Filter>
    </Image>
    <Image Include="Texture\TextureButton\cam_off.png">
      <Filter>Файлы ресурсов</Filter>
    </Image>
    <Image Include="Texture\TextureButton\cam_on.png">
      <Filter>Файлы ресурсов</Filter>
    </Image>
    <Image Include="Texture\TextureButton\close.png">
      <Filter>Файлы ресурсов</Filter>
    </Image>
    <Image Include="Texture\TextureButton\pause.png">
      <Filter>Файлы ресурсов</Filter>
    </Image>
    <Image Include="Texture\TextureButton\speed.png">
      <Filter>Файлы ресурсов</Filter>
    </Image>
    <Image Include="Texture\0.1.png">
      <Filter>Файлы ресурсов</Filter>
    </Image>
    <Image Include="Texture\0.5.png">
      <Filter>Файлы ресурсов</Filter>
    </Image>
    <Image Include="Texture\1.2.png">
      <Filter>Файлы ресурсов</Filter>
    </Image>
    <Image Include="Texture\1.5.png">
      <Filter>Файлы ресурсов</Filter>
    </Image>
    <Image Include="Texture\2.png">
      <Filter>Файлы ресурсов</Filter>
    </Image>
    <Image Include="Texture\5.png">
      <Filter>Файлы ресурсов</Filter>
    </Image>
    <Image Include="Texture\10.png">
      <Filter>Файлы ресурсов</Filter>
    </Image>
    <Image Include="Texture\cam_off.png">
      <Filter>Файлы ресурсов</Filter>
    </Image>
    <Image Include="Texture\cam_on.png">
      <Filter>Файлы ресурсов</Filter>
    </Image>
    <Image Include="Texture\close.png">
      <Filter>Файлы ресурсов</Filter>
    </Image>
    <Image Include="Texture\closeInfo.png">
      <Filter>Файлы ресурсов</Filter>
    </Image>
    <Image Include="Texture\earth.png">
      <Filter>Файлы ресурсов</Filter>
    </Image>
    <Image Include="Texture\info.png">
      <Filter>Файлы ресурсов</Filter>
    </Image>
    <Image Include="Texture\jupiter.png">
      <Filter>Файлы ресурсов</Filter>
    </Image>
    <Image Include="Texture\mars.png">
      <Filter>Файлы ресурсов</Filter>
    </Image>
    <Image Include="Texture\mercury.png">
      <Filter>Файлы ресурсов</Filter>
    </Image>
    <Image Include="Texture\minus.png">
      <Filter>Файлы ресурсов</Filter>
    </Image>
    <Image Include="Texture\neptune.png">
      <Filter>Файлы ресурсов</Filter>
    </Image>
    <Image Include="Texture\orbitoff.png">
      <Filter>Файлы ресурсов</Filter>
    </Image>
    <Image Include="Texture\orbiton.png">
      <Filter>Файлы ресурсов</Filter>
    </Image>
    <Image Include="Texture\pause.png">
      <Filter>Файлы ресурсов</Filter>
    </Image>
    <Image Include="Texture\pauseInfo.png">
      <Filter>Файлы ресурсов</Filter>
    </Image>
    <Image Include="Texture\plus.png">
      <Filter>Файлы ресурсов</Filter>
    </Image>
    <Image Include="Texture\reload.png">
      <Filter>Файлы ресурсов</Filter>
    </Image>
    <Image Include="Texture\reset.png">
      <Filter>Файлы ресурсов</Filter>
    </Image>
    <Image Include="Texture\saturn.png">
      <Filter>Файлы ресурсов</Filter>
    </Image>
    <Image Include="Texture\speed.png">
      <Filter>Файлы ресурсов</Filter>
    </Image>
    <Image Include="Texture\speedInfo.png">
      <Filter>Файлы ресурсов</Filter>
    </Image>
    <Image Include="Texture\sun.png">
      <Filter>Файлы ресурсов</Filter>
    </Image>
    <Image Include="Texture\track_off.png">
      <Filter>Файлы ресурсов</Filter>
    </Image>
    <Image Include="Texture\track_on.png">
      <Filter>Файлы ресурсов</Filter>
    </Image>
    <Image Include="Texture\uranus.png">
      <Filter>Файлы ресурсов</Filter>
    </Image>
    <Image Include="Texture\venus.png">
      <Filter>Файлы ресурсов</Filter>
    </Image>
    <Image Include="Texture\zoomin.png">
      <Filter>Файлы ресурсов</Filter>
    </Image>
    <Image Include="Texture\zoomout.png">
      <Filter>Файлы ресурсов</Filter>
    </Image>
    <Image Include="Texture\earthN.png">
      <Filter>Файлы ресурсов</Filter>
    </Image>
    <Image Include="Texture\jupiterN.png">
      <Filter>Файлы ресурсов</Filter>
    </Image>
    <Image Include="Texture\marsN.png">
      <Filter>Файлы ресурсов</Filter>
    </Image>
    <Image Include="Texture\mercuryN.png">
      <Filter>Файлы ресурсов</Filter>
    </Image>
    <Image Include="Texture\neptuneN.png">
      <Filter>Файлы ресурсов</Filter>
    </Image>
    <Image Include="Texture\saturnN.png">
      <Filter>Файлы ресурсов</Filter>
    </Image>
    <Image Include="Texture\space.jpg">
      <Filter>Файлы ресурсов</Filter>
    </Image>
    <Image Include="Texture\sunN.png">
      <Filter>Файлы ресурсов</Filter>
    </Image>
    <Image Include="Texture\uranusN.png">
      <Filter>Файлы ресурсов</Filter>
    </Image>
    <Image Include="Texture\venusN.png">
      <Filter>Файлы ресурсов</Filter>
    </Image>
    <Image Include="Texture\-1.png">
      <Filter>Файлы ресурсов</Filter>
    </Image>
    <Image Include="Texture\deletePlanet.png">
      <Filter>Файлы ресурсов</Filter>
    </Image>
    <Image Include="Texture\0.7.png">
      <Filter>Файлы ресурсов</Filter>
    </Image>
    <Image Include="Texture\0.9.png">
      <Filter>Файлы ресурсов</Filter>
    </Image>
    <Image Include="Texture\0.png">
      <Filter>Файлы ресурсов</Filter>
    </Image>
    <Image Include="Texture\1.1.png">
      <Filter>Файлы ресурсов</Filter>
    </Image>
    <Image Include="Texture\1.3.png">
      <Filter>Файлы ресурсов</Filter>
    </Image>
    <Image Include="Texture\systemBoundaryInfo.png">
      <Filter>Файлы ресурсов</Filter>
    </Image>
    <Image Include="Texture\systemBoundary.png">
      <Filter>Файлы ресурсов</Filter>
    </Image>
  </ItemGroup>
  <ItemGroup>
    <Media Include="spaceSound.mp3" />
  </ItemGroup>
</Project>